
Microsoft Visual Studio Solution File, Format Version 12.00
# Visual Studio 2012
Project("{8BC9CEB8-8B4A-11D0-8D11-00A0C91BC942}") = "SkyrimOnline", "Src\SkyrimOnline\SkyrimOnline.vcxproj", "{5BD3DA32-06CE-4029-BF72-2E00B3DF7F4E}"
EndProject
Project("{8BC9CEB8-8B4A-11D0-8D11-00A0C91BC942}") = "SkyrimOnlineHooks", "Src\SkyrimOnlineProxy\SkyrimOnlineProxy.vcxproj", "{D8B2564C-4766-4DDF-B7E0-43DB3971B3A3}"
EndProject
Project("{8BC9CEB8-8B4A-11D0-8D11-00A0C91BC942}") = "OffsetDumper", "Src\OffsetDumper\OffsetDumper.vcxproj", "{414C2B24-3129-4D9E-B4B3-390D1AC36D8E}"
EndProject
Project("{8BC9CEB8-8B4A-11D0-8D11-00A0C91BC942}") = "SkyrimWalker", "Src\SkyrimWalker\SkyrimWalker.vcxproj", "{B2F2306E-697F-4336-86AF-DF3A1E959626}"
EndProject
Project("{8BC9CEB8-8B4A-11D0-8D11-00A0C91BC942}") = "ClientTest", "Src\ClientTest\ClientTest.vcxproj", "{90337DC7-FFF9-49F4-87A4-AA27EA43E01D}"
EndProject
Project("{8BC9CEB8-8B4A-11D0-8D11-00A0C91BC942}") = "Server", "Src\Server\Server.vcxproj", "{130E93D3-800B-4278-87E9-191322AFE625}"
EndProject
Project("{8BC9CEB8-8B4A-11D0-8D11-00A0C91BC942}") = "Skyrim.Script", "..\Src\Skyrim.Script\Skyrim.Script.vcxproj", "{8691E70D-6EA8-44BD-91EA-DB69D61E0F10}"
EndProject
Global
	GlobalSection(SolutionConfigurationPlatforms) = preSolution
		Debug|Win32 = Debug|Win32
		Debug|x64 = Debug|x64
		Release|Win32 = Release|Win32
		Release|x64 = Release|x64
	EndGlobalSection
	GlobalSection(ProjectConfigurationPlatforms) = postSolution
		{5BD3DA32-06CE-4029-BF72-2E00B3DF7F4E}.Debug|Win32.ActiveCfg = Release|Win32
		{5BD3DA32-06CE-4029-BF72-2E00B3DF7F4E}.Debug|Win32.Build.0 = Release|Win32
		{5BD3DA32-06CE-4029-BF72-2E00B3DF7F4E}.Debug|x64.ActiveCfg = Release|Win32
		{5BD3DA32-06CE-4029-BF72-2E00B3DF7F4E}.Release|Win32.ActiveCfg = Release|Win32
		{5BD3DA32-06CE-4029-BF72-2E00B3DF7F4E}.Release|Win32.Build.0 = Release|Win32
		{5BD3DA32-06CE-4029-BF72-2E00B3DF7F4E}.Release|x64.ActiveCfg = Release|Win32
		{D8B2564C-4766-4DDF-B7E0-43DB3971B3A3}.Debug|Win32.ActiveCfg = Release|Win32
		{D8B2564C-4766-4DDF-B7E0-43DB3971B3A3}.Debug|Win32.Build.0 = Release|Win32
		{D8B2564C-4766-4DDF-B7E0-43DB3971B3A3}.Debug|x64.ActiveCfg = Release|Win32
		{D8B2564C-4766-4DDF-B7E0-43DB3971B3A3}.Release|Win32.ActiveCfg = Release|Win32
		{D8B2564C-4766-4DDF-B7E0-43DB3971B3A3}.Release|Win32.Build.0 = Release|Win32
		{D8B2564C-4766-4DDF-B7E0-43DB3971B3A3}.Release|x64.ActiveCfg = Release|Win32
		{414C2B24-3129-4D9E-B4B3-390D1AC36D8E}.Debug|Win32.ActiveCfg = Release|Win32
		{414C2B24-3129-4D9E-B4B3-390D1AC36D8E}.Debug|Win32.Build.0 = Release|Win32
		{414C2B24-3129-4D9E-B4B3-390D1AC36D8E}.Debug|x64.ActiveCfg = Release|Win32
		{414C2B24-3129-4D9E-B4B3-390D1AC36D8E}.Release|Win32.ActiveCfg = Release|Win32
		{414C2B24-3129-4D9E-B4B3-390D1AC36D8E}.Release|Win32.Build.0 = Release|Win32
		{414C2B24-3129-4D9E-B4B3-390D1AC36D8E}.Release|x64.ActiveCfg = Release|Win32
		{B2F2306E-697F-4336-86AF-DF3A1E959626}.Debug|Win32.ActiveCfg = Release|Win32
		{B2F2306E-697F-4336-86AF-DF3A1E959626}.Debug|Win32.Build.0 = Release|Win32
		{B2F2306E-697F-4336-86AF-DF3A1E959626}.Debug|x64.ActiveCfg = Release|Win32
		{B2F2306E-697F-4336-86AF-DF3A1E959626}.Release|Win32.ActiveCfg = Release|Win32
		{B2F2306E-697F-4336-86AF-DF3A1E959626}.Release|Win32.Build.0 = Release|Win32
		{B2F2306E-697F-4336-86AF-DF3A1E959626}.Release|x64.ActiveCfg = Release|Win32
		{90337DC7-FFF9-49F4-87A4-AA27EA43E01D}.Debug|Win32.ActiveCfg = Release|Win32
		{90337DC7-FFF9-49F4-87A4-AA27EA43E01D}.Debug|Win32.Build.0 = Release|Win32
		{90337DC7-FFF9-49F4-87A4-AA27EA43E01D}.Debug|x64.ActiveCfg = Release|Win32
		{90337DC7-FFF9-49F4-87A4-AA27EA43E01D}.Release|Win32.ActiveCfg = Release|Win32
		{90337DC7-FFF9-49F4-87A4-AA27EA43E01D}.Release|Win32.Build.0 = Release|Win32
		{90337DC7-FFF9-49F4-87A4-AA27EA43E01D}.Release|x64.ActiveCfg = Release|Win32
		{130E93D3-800B-4278-87E9-191322AFE625}.Debug|Win32.ActiveCfg = Release|Win32
		{130E93D3-800B-4278-87E9-191322AFE625}.Debug|Win32.Build.0 = Release|Win32
		{130E93D3-800B-4278-87E9-191322AFE625}.Debug|x64.ActiveCfg = Release|Win32
		{130E93D3-800B-4278-87E9-191322AFE625}.Release|Win32.ActiveCfg = Release|Win32
		{130E93D3-800B-4278-87E9-191322AFE625}.Release|Win32.Build.0 = Release|Win32
		{130E93D3-800B-4278-87E9-191322AFE625}.Release|x64.ActiveCfg = Release|Win32
		{8691E70D-6EA8-44BD-91EA-DB69D61E0F10}.Debug|Win32.ActiveCfg = Debug|Win32
		{8691E70D-6EA8-44BD-91EA-DB69D61E0F10}.Debug|Win32.Build.0 = Debug|Win32
		{8691E70D-6EA8-44BD-91EA-DB69D61E0F10}.Debug|x64.ActiveCfg = Debug|Win32
		{8691E70D-6EA8-44BD-91EA-DB69D61E0F10}.Release|Win32.ActiveCfg = Release|Win32
		{8691E70D-6EA8-44BD-91EA-DB69D61E0F10}.Release|Win32.Build.0 = Release|Win32
		{8691E70D-6EA8-44BD-91EA-DB69D61E0F10}.Release|x64.ActiveCfg = Release|Win32
	EndGlobalSection
	GlobalSection(SolutionProperties) = preSolution
		HideSolutionNode = FALSE
	EndGlobalSection
EndGlobal
