<?xml version="1.0" encoding="utf-8"?>
<Project ToolsVersion="4.0" xmlns="http://schemas.microsoft.com/developer/msbuild/2003">
  <ItemGroup>
    <Filter Include="Source Files">
      <UniqueIdentifier>{4FC737F1-C7A5-4376-A066-2A32D752A2FF}</UniqueIdentifier>
      <Extensions>cpp;c;cc;cxx;def;odl;idl;hpj;bat;asm;asmx</Extensions>
    </Filter>
    <Filter Include="Header Files">
      <UniqueIdentifier>{93995380-89BD-4b04-88EB-625FBE52EBFB}</UniqueIdentifier>
      <Extensions>h;hpp;hxx;hm;inl;inc;xsd</Extensions>
    </Filter>
    <Filter Include="Resource Files">
      <UniqueIdentifier>{67DA6AB6-F800-4c08-8B7A-83BB121AAD01}</UniqueIdentifier>
      <Extensions>rc;ico;cur;bmp;dlg;rc2;rct;bin;rgs;gif;jpg;jpeg;jpe;resx;tiff;tif;png;wav;mfcribbon-ms</Extensions>
    </Filter>
  </ItemGroup>
  <ItemGroup>
    <ClInclude Include="Stdafx.h">
      <Filter>Header Files</Filter>
    </ClInclude>
    <ClInclude Include="resource.h">
      <Filter>Header Files</Filter>
    </ClInclude>
    <ClInclude Include="Vector3D.h">
      <Filter>Header Files</Filter>
    </ClInclude>
    <ClInclude Include="FreeScript\Actor.hpp">
      <Filter>Header Files</Filter>
    </ClInclude>
    <ClInclude Include="FreeScript\Character.hpp">
      <Filter>Header Files</Filter>
    </ClInclude>
    <ClInclude Include="FreeScript\Common.hpp">
      <Filter>Header Files</Filter>
    </ClInclude>
    <ClInclude Include="FreeScript\Components.hpp">
      <Filter>Header Files</Filter>
    </ClInclude>
    <ClInclude Include="FreeScript\Data.hpp">
      <Filter>Header Files</Filter>
    </ClInclude>
    <ClInclude Include="FreeScript\ExtraData.hpp">
      <Filter>Header Files</Filter>
    </ClInclude>
    <ClInclude Include="FreeScript\Forms.hpp">
      <Filter>Header Files</Filter>
    </ClInclude>
    <ClInclude Include="FreeScript\FormsHelper.hpp">
      <Filter>Header Files</Filter>
    </ClInclude>
    <ClInclude Include="FreeScript\FreeScript.hpp">
      <Filter>Header Files</Filter>
    </ClInclude>
    <ClInclude Include="FreeScript\Memory.hpp">
      <Filter>Header Files</Filter>
    </ClInclude>
    <ClInclude Include="FreeScript\References.hpp">
      <Filter>Header Files</Filter>
    </ClInclude>
    <ClInclude Include="FreeScript\ReferencesHelper.hpp">
      <Filter>Header Files</Filter>
    </ClInclude>
    <ClInclude Include="FreeScript\RTTI.hpp">
      <Filter>Header Files</Filter>
    </ClInclude>
    <ClInclude Include="FreeScript\TimeManager.h">
      <Filter>Header Files</Filter>
    </ClInclude>
    <ClInclude Include="FreeScript\Types.hpp">
      <Filter>Header Files</Filter>
    </ClInclude>
    <ClInclude Include="FreeScript\VM.hpp">
      <Filter>Header Files</Filter>
    </ClInclude>
    <ClInclude Include="FreeScript\WeatherManager.h">
      <Filter>Header Files</Filter>
    </ClInclude>
    <ClInclude Include="Math\Vector3.hpp">
      <Filter>Header Files</Filter>
    </ClInclude>
    <ClInclude Include="common\enums.h">
      <Filter>Header Files</Filter>
    </ClInclude>
    <ClInclude Include="common\invoke.h">
      <Filter>Header Files</Filter>
    </ClInclude>
    <ClInclude Include="common\obscript.h">
      <Filter>Header Files</Filter>
    </ClInclude>
    <ClInclude Include="common\plugin.h">
      <Filter>Header Files</Filter>
    </ClInclude>
    <ClInclude Include="common\skyscript.h">
      <Filter>Header Files</Filter>
    </ClInclude>
    <ClInclude Include="Wrapper\References.h">
      <Filter>Header Files</Filter>
    </ClInclude>
    <ClInclude Include="Wrapper\Components.h">
      <Filter>Header Files</Filter>
    </ClInclude>
    <ClInclude Include="Wrapper\Forms.h">
      <Filter>Header Files</Filter>
    </ClInclude>
    <ClInclude Include="Wrapper\Types.h">
      <Filter>Header Files</Filter>
    </ClInclude>
    <ClInclude Include="Papyrus\Debug.h">
      <Filter>Header Files</Filter>
    </ClInclude>
    <ClInclude Include="Papyrus\Actor.h">
      <Filter>Header Files</Filter>
    </ClInclude>
    <ClInclude Include="Papyrus\Game.h">
      <Filter>Header Files</Filter>
    </ClInclude>
    <ClInclude Include="Engine\InputManager.h">
      <Filter>Header Files</Filter>
    </ClInclude>
    <ClInclude Include="Overlay\Chat.h">
      <Filter>Header Files</Filter>
    </ClInclude>
    <ClInclude Include="Overlay\Message.h">
      <Filter>Header Files</Filter>
    </ClInclude>
    <ClInclude Include="Overlay\System.h">
      <Filter>Header Files</Filter>
    </ClInclude>
    <ClInclude Include="Engine\Data.hpp">
      <Filter>Header Files</Filter>
    </ClInclude>
    <ClInclude Include="Hook\Function.hpp">
      <Filter>Header Files</Filter>
    </ClInclude>
  </ItemGroup>
  <ItemGroup>
    <ClCompile Include="AssemblyInfo.cpp">
      <Filter>Source Files</Filter>
    </ClCompile>
    <ClCompile Include="Stdafx.cpp">
      <Filter>Source Files</Filter>
    </ClCompile>
    <ClCompile Include="Vector3D.cpp">
      <Filter>Source Files</Filter>
    </ClCompile>
    <ClCompile Include="FreeScript\Actor.cpp">
      <Filter>Source Files</Filter>
    </ClCompile>
    <ClCompile Include="FreeScript\Character.cpp">
      <Filter>Source Files</Filter>
    </ClCompile>
    <ClCompile Include="FreeScript\Data.cpp">
      <Filter>Source Files</Filter>
    </ClCompile>
    <ClCompile Include="FreeScript\ExtraData.cpp">
      <Filter>Source Files</Filter>
    </ClCompile>
    <ClCompile Include="FreeScript\Forms.cpp">
      <Filter>Source Files</Filter>
    </ClCompile>
    <ClCompile Include="FreeScript\FreeScript.cpp">
      <Filter>Source Files</Filter>
    </ClCompile>
    <ClCompile Include="FreeScript\Memory.cpp">
      <Filter>Source Files</Filter>
    </ClCompile>
    <ClCompile Include="FreeScript\RTTI.cpp">
      <Filter>Source Files</Filter>
    </ClCompile>
    <ClCompile Include="FreeScript\TimeManager.cpp">
      <Filter>Source Files</Filter>
    </ClCompile>
    <ClCompile Include="FreeScript\Types.cpp">
      <Filter>Source Files</Filter>
    </ClCompile>
    <ClCompile Include="FreeScript\VM.cpp">
      <Filter>Source Files</Filter>
    </ClCompile>
    <ClCompile Include="FreeScript\WeatherManager.cpp">
      <Filter>Source Files</Filter>
    </ClCompile>
    <ClCompile Include="common\plugin.cpp">
      <Filter>Source Files</Filter>
    </ClCompile>
    <ClCompile Include="Wrapper\Forms.cpp">
      <Filter>Header Files</Filter>
    </ClCompile>
    <ClCompile Include="Wrapper\References.cpp">
      <Filter>Source Files</Filter>
    </ClCompile>
    <ClCompile Include="Wrapper\Types.cpp">
      <Filter>Source Files</Filter>
    </ClCompile>
    <ClCompile Include="Wrapper\Components.cpp">
      <Filter>Source Files</Filter>
    </ClCompile>
    <ClCompile Include="Papyrus\Debug.cpp">
      <Filter>Source Files</Filter>
    </ClCompile>
    <ClCompile Include="Papyrus\Actor.cpp">
      <Filter>Source Files</Filter>
    </ClCompile>
    <ClCompile Include="Papyrus\Game.cpp">
      <Filter>Source Files</Filter>
    </ClCompile>
    <ClCompile Include="Engine\InputManager.cpp">
      <Filter>Source Files</Filter>
    </ClCompile>
    <ClCompile Include="Overlay\Chat.cpp">
      <Filter>Source Files</Filter>
    </ClCompile>
    <ClCompile Include="Overlay\Message.cpp">
      <Filter>Source Files</Filter>
    </ClCompile>
    <ClCompile Include="Overlay\System.cpp">
      <Filter>Source Files</Filter>
    </ClCompile>
    <ClCompile Include="Engine\Data.cpp">
      <Filter>Source Files</Filter>
    </ClCompile>
  </ItemGroup>
</Project>