
Microsoft Visual Studio Solution File, Format Version 12.00
# Visual Studio 2012
Project("{FAE04EC0-301F-11D3-BF4B-00C04F79EFBC}") = "Game.Client", "Src\Game.Client\Game.Client.csproj", "{FF3D7555-F14A-493A-955C-B630D0916741}"
EndProject
Project("{FAE04EC0-301F-11D3-BF4B-00C04F79EFBC}") = "Game.Server", "Src\Game.Server\Game.Server.csproj", "{0980CDD6-A924-4444-A23C-842482446894}"
	ProjectSection(ProjectDependencies) = postProject
		{EA2162B2-38A8-414F-A4CE-6FA250A3071B} = {EA2162B2-38A8-414F-A4CE-6FA250A3071B}
	EndProjectSection
EndProject
Project("{2150E333-8FDC-42A3-9474-1A3956D46DE8}") = "Core", "Core", "{403AE901-EC7A-4C81-ABC9-3FB2FF09367D}"
EndProject
Project("{2150E333-8FDC-42A3-9474-1A3956D46DE8}") = "Game", "Game", "{7B3017BB-1CD8-4E81-859E-F9321FBCBD92}"
EndProject
Project("{FAE04EC0-301F-11D3-BF4B-00C04F79EFBC}") = "Game.MasterServer", "Src\Game.MasterServer\Game.MasterServer.csproj", "{F9E90F10-8AE9-46F7-B946-753E53243AC9}"
EndProject
Project("{8BC9CEB8-8B4A-11D0-8D11-00A0C91BC942}") = "Game.Hook", "Src\Game.Hook\Game.Hook.vcxproj", "{D8B2564C-4766-4DDF-B7E0-43DB3971B3A3}"
EndProject
Project("{8BC9CEB8-8B4A-11D0-8D11-00A0C91BC942}") = "Game.Script", "Src\Game.Script\Game.Script.vcxproj", "{8691E70D-6EA8-44BD-91EA-DB69D61E0F10}"
EndProject
Project("{2150E333-8FDC-42A3-9474-1A3956D46DE8}") = "Extention", "Extention", "{06F1DB4B-B4F2-4D60-AFA4-1CE3A014E627}"
EndProject
Project("{8BC9CEB8-8B4A-11D0-8D11-00A0C91BC942}") = "Oblivion.Online", "Src\Oblivion\extension\Oblivion.vcxproj", "{D4DDA734-7E93-4581-8F82-32BB738F69FE}"
EndProject
Project("{8BC9CEB8-8B4A-11D0-8D11-00A0C91BC942}") = "Version.Hook", "Src\Version.Hook\Version.Hook.vcxproj", "{89B48A68-F452-4543-A9FD-41C8466EECBC}"
EndProject
Project("{FAE04EC0-301F-11D3-BF4B-00C04F79EFBC}") = "Game.API", "Src\Game.API\Game.API.csproj", "{5412DDEF-826E-403C-83CD-198D7447C49B}"
EndProject
Project("{8BC9CEB8-8B4A-11D0-8D11-00A0C91BC942}") = "Skyrim.Script", "Src\Skyrim.Script\Skyrim.Script.vcxproj", "{B5489C1B-6C26-4B21-A802-574AA23DC896}"
EndProject
Project("{8BC9CEB8-8B4A-11D0-8D11-00A0C91BC942}") = "Oblivion.Script", "Src\Oblivion.Script\Oblivion.Script.vcxproj", "{5A52C34B-356A-46D8-B63C-4837524770B8}"
EndProject
Project("{8BC9CEB8-8B4A-11D0-8D11-00A0C91BC942}") = "d3d9.Hook", "Src\d3d9.Hook\d3d9.Hook.vcxproj", "{71C858BE-5F83-4E19-9FD8-5FF57A4DD5F2}"
EndProject
Project("{FAE04EC0-301F-11D3-BF4B-00C04F79EFBC}") = "Game.Tools", "Src\Game.Tools\Game.Tools.csproj", "{EA2162B2-38A8-414F-A4CE-6FA250A3071B}"
EndProject
Project("{FAE04EC0-301F-11D3-BF4B-00C04F79EFBC}") = "Game.Tools.Examples.Networking.ServerChat", "Src\Game.Tools\Examples\Game.Tools.Examples.Networking.ServerChat\Game.Tools.Examples.Networking.ServerChat.csproj", "{E90B46B5-F450-4C22-AF50-2EDFB8788B21}"
EndProject
Project("{FAE04EC0-301F-11D3-BF4B-00C04F79EFBC}") = "Game.Tools.Examples.Networking.ClientChat", "Src\Game.Tools\Examples\Game.Tools.Examples.Networking.ClientChat\Game.Tools.Examples.Networking.ClientChat.csproj", "{06408B28-1028-46BB-B8DF-598B4ABABC52}"
EndProject
Global
	GlobalSection(SolutionConfigurationPlatforms) = preSolution
		Debug|Any CPU = Debug|Any CPU
		Debug|x64 = Debug|x64
		Debug|x86 = Debug|x86
		Release|Any CPU = Release|Any CPU
		Release|x64 = Release|x64
		Release|x86 = Release|x86
	EndGlobalSection
	GlobalSection(ProjectConfigurationPlatforms) = postSolution
		{FF3D7555-F14A-493A-955C-B630D0916741}.Debug|Any CPU.ActiveCfg = Release|Any CPU
		{FF3D7555-F14A-493A-955C-B630D0916741}.Debug|Any CPU.Build.0 = Release|Any CPU
		{FF3D7555-F14A-493A-955C-B630D0916741}.Debug|x64.ActiveCfg = Release|Any CPU
		{FF3D7555-F14A-493A-955C-B630D0916741}.Debug|x86.ActiveCfg = Debug|Any CPU
		{FF3D7555-F14A-493A-955C-B630D0916741}.Debug|x86.Build.0 = Debug|Any CPU
		{FF3D7555-F14A-493A-955C-B630D0916741}.Release|Any CPU.ActiveCfg = Release|Any CPU
		{FF3D7555-F14A-493A-955C-B630D0916741}.Release|Any CPU.Build.0 = Release|Any CPU
		{FF3D7555-F14A-493A-955C-B630D0916741}.Release|x64.ActiveCfg = Release|Any CPU
		{FF3D7555-F14A-493A-955C-B630D0916741}.Release|x86.ActiveCfg = Release|Any CPU
		{FF3D7555-F14A-493A-955C-B630D0916741}.Release|x86.Build.0 = Release|Any CPU
		{FF3D7555-F14A-493A-955C-B630D0916741}.Release|x86.Deploy.0 = Release|Any CPU
		{0980CDD6-A924-4444-A23C-842482446894}.Debug|Any CPU.ActiveCfg = Release|Any CPU
		{0980CDD6-A924-4444-A23C-842482446894}.Debug|Any CPU.Build.0 = Release|Any CPU
		{0980CDD6-A924-4444-A23C-842482446894}.Debug|x64.ActiveCfg = Release|Any CPU
		{0980CDD6-A924-4444-A23C-842482446894}.Debug|x86.ActiveCfg = Debug|Any CPU
		{0980CDD6-A924-4444-A23C-842482446894}.Debug|x86.Build.0 = Debug|Any CPU
		{0980CDD6-A924-4444-A23C-842482446894}.Release|Any CPU.ActiveCfg = Release|Any CPU
		{0980CDD6-A924-4444-A23C-842482446894}.Release|Any CPU.Build.0 = Release|Any CPU
		{0980CDD6-A924-4444-A23C-842482446894}.Release|x64.ActiveCfg = Release|Any CPU
		{0980CDD6-A924-4444-A23C-842482446894}.Release|x86.ActiveCfg = Release|Any CPU
		{0980CDD6-A924-4444-A23C-842482446894}.Release|x86.Build.0 = Release|Any CPU
		{F9E90F10-8AE9-46F7-B946-753E53243AC9}.Debug|Any CPU.ActiveCfg = Release|Any CPU
		{F9E90F10-8AE9-46F7-B946-753E53243AC9}.Debug|Any CPU.Build.0 = Release|Any CPU
		{F9E90F10-8AE9-46F7-B946-753E53243AC9}.Debug|x64.ActiveCfg = Release|Any CPU
		{F9E90F10-8AE9-46F7-B946-753E53243AC9}.Debug|x86.ActiveCfg = Debug|Any CPU
		{F9E90F10-8AE9-46F7-B946-753E53243AC9}.Debug|x86.Build.0 = Debug|Any CPU
		{F9E90F10-8AE9-46F7-B946-753E53243AC9}.Release|Any CPU.ActiveCfg = Release|Any CPU
		{F9E90F10-8AE9-46F7-B946-753E53243AC9}.Release|Any CPU.Build.0 = Release|Any CPU
		{F9E90F10-8AE9-46F7-B946-753E53243AC9}.Release|x64.ActiveCfg = Release|Any CPU
		{F9E90F10-8AE9-46F7-B946-753E53243AC9}.Release|x86.ActiveCfg = Release|Any CPU
		{F9E90F10-8AE9-46F7-B946-753E53243AC9}.Release|x86.Build.0 = Release|Any CPU
		{D8B2564C-4766-4DDF-B7E0-43DB3971B3A3}.Debug|Any CPU.ActiveCfg = Release|Win32
		{D8B2564C-4766-4DDF-B7E0-43DB3971B3A3}.Debug|x64.ActiveCfg = Release|Win32
		{D8B2564C-4766-4DDF-B7E0-43DB3971B3A3}.Debug|x86.ActiveCfg = Debug|Win32
		{D8B2564C-4766-4DDF-B7E0-43DB3971B3A3}.Debug|x86.Build.0 = Debug|Win32
		{D8B2564C-4766-4DDF-B7E0-43DB3971B3A3}.Release|Any CPU.ActiveCfg = Release|Win32
		{D8B2564C-4766-4DDF-B7E0-43DB3971B3A3}.Release|x64.ActiveCfg = Release|Win32
		{D8B2564C-4766-4DDF-B7E0-43DB3971B3A3}.Release|x86.ActiveCfg = Release|Win32
		{D8B2564C-4766-4DDF-B7E0-43DB3971B3A3}.Release|x86.Build.0 = Release|Win32
		{8691E70D-6EA8-44BD-91EA-DB69D61E0F10}.Debug|Any CPU.ActiveCfg = Release|Win32
		{8691E70D-6EA8-44BD-91EA-DB69D61E0F10}.Debug|x64.ActiveCfg = Release|Win32
		{8691E70D-6EA8-44BD-91EA-DB69D61E0F10}.Debug|x86.ActiveCfg = Debug|Win32
		{8691E70D-6EA8-44BD-91EA-DB69D61E0F10}.Debug|x86.Build.0 = Debug|Win32
		{8691E70D-6EA8-44BD-91EA-DB69D61E0F10}.Release|Any CPU.ActiveCfg = Release|Win32
		{8691E70D-6EA8-44BD-91EA-DB69D61E0F10}.Release|x64.ActiveCfg = Release|Win32
		{8691E70D-6EA8-44BD-91EA-DB69D61E0F10}.Release|x86.ActiveCfg = Release|Win32
		{8691E70D-6EA8-44BD-91EA-DB69D61E0F10}.Release|x86.Build.0 = Release|Win32
		{D4DDA734-7E93-4581-8F82-32BB738F69FE}.Debug|Any CPU.ActiveCfg = Debug|Win32
		{D4DDA734-7E93-4581-8F82-32BB738F69FE}.Debug|x64.ActiveCfg = Debug|Win32
		{D4DDA734-7E93-4581-8F82-32BB738F69FE}.Debug|x86.ActiveCfg = Debug|Win32
		{D4DDA734-7E93-4581-8F82-32BB738F69FE}.Debug|x86.Build.0 = Debug|Win32
		{D4DDA734-7E93-4581-8F82-32BB738F69FE}.Release|Any CPU.ActiveCfg = Release|Win32
		{D4DDA734-7E93-4581-8F82-32BB738F69FE}.Release|x64.ActiveCfg = Release|Win32
		{D4DDA734-7E93-4581-8F82-32BB738F69FE}.Release|x86.ActiveCfg = Release|Win32
		{D4DDA734-7E93-4581-8F82-32BB738F69FE}.Release|x86.Build.0 = Release|Win32
		{89B48A68-F452-4543-A9FD-41C8466EECBC}.Debug|Any CPU.ActiveCfg = Debug|Win32
		{89B48A68-F452-4543-A9FD-41C8466EECBC}.Debug|x64.ActiveCfg = Debug|Win32
		{89B48A68-F452-4543-A9FD-41C8466EECBC}.Debug|x86.ActiveCfg = Debug|Win32
		{89B48A68-F452-4543-A9FD-41C8466EECBC}.Debug|x86.Build.0 = Debug|Win32
		{89B48A68-F452-4543-A9FD-41C8466EECBC}.Release|Any CPU.ActiveCfg = Release|Win32
		{89B48A68-F452-4543-A9FD-41C8466EECBC}.Release|x64.ActiveCfg = Release|Win32
		{89B48A68-F452-4543-A9FD-41C8466EECBC}.Release|x86.ActiveCfg = Release|Win32
		{89B48A68-F452-4543-A9FD-41C8466EECBC}.Release|x86.Build.0 = Release|Win32
		{5412DDEF-826E-403C-83CD-198D7447C49B}.Debug|Any CPU.ActiveCfg = Debug|Any CPU
		{5412DDEF-826E-403C-83CD-198D7447C49B}.Debug|Any CPU.Build.0 = Debug|Any CPU
		{5412DDEF-826E-403C-83CD-198D7447C49B}.Debug|x64.ActiveCfg = Debug|Any CPU
		{5412DDEF-826E-403C-83CD-198D7447C49B}.Debug|x86.ActiveCfg = Debug|Any CPU
		{5412DDEF-826E-403C-83CD-198D7447C49B}.Debug|x86.Build.0 = Debug|Any CPU
		{5412DDEF-826E-403C-83CD-198D7447C49B}.Release|Any CPU.ActiveCfg = Release|Any CPU
		{5412DDEF-826E-403C-83CD-198D7447C49B}.Release|Any CPU.Build.0 = Release|Any CPU
		{5412DDEF-826E-403C-83CD-198D7447C49B}.Release|x64.ActiveCfg = Release|Any CPU
		{5412DDEF-826E-403C-83CD-198D7447C49B}.Release|x86.ActiveCfg = Release|Any CPU
		{5412DDEF-826E-403C-83CD-198D7447C49B}.Release|x86.Build.0 = Release|Any CPU
		{B5489C1B-6C26-4B21-A802-574AA23DC896}.Debug|Any CPU.ActiveCfg = Release|Win32
		{B5489C1B-6C26-4B21-A802-574AA23DC896}.Debug|x64.ActiveCfg = Release|Win32
		{B5489C1B-6C26-4B21-A802-574AA23DC896}.Debug|x86.ActiveCfg = Debug|Win32
		{B5489C1B-6C26-4B21-A802-574AA23DC896}.Debug|x86.Build.0 = Debug|Win32
		{B5489C1B-6C26-4B21-A802-574AA23DC896}.Release|Any CPU.ActiveCfg = Release|Win32
		{B5489C1B-6C26-4B21-A802-574AA23DC896}.Release|x64.ActiveCfg = Release|Win32
		{B5489C1B-6C26-4B21-A802-574AA23DC896}.Release|x86.ActiveCfg = Release|Win32
		{B5489C1B-6C26-4B21-A802-574AA23DC896}.Release|x86.Build.0 = Release|Win32
		{5A52C34B-356A-46D8-B63C-4837524770B8}.Debug|Any CPU.ActiveCfg = Release|Win32
		{5A52C34B-356A-46D8-B63C-4837524770B8}.Debug|x64.ActiveCfg = Release|Win32
		{5A52C34B-356A-46D8-B63C-4837524770B8}.Debug|x86.ActiveCfg = Debug|Win32
		{5A52C34B-356A-46D8-B63C-4837524770B8}.Debug|x86.Build.0 = Debug|Win32
		{5A52C34B-356A-46D8-B63C-4837524770B8}.Release|Any CPU.ActiveCfg = Release|Win32
		{5A52C34B-356A-46D8-B63C-4837524770B8}.Release|x64.ActiveCfg = Release|Win32
		{5A52C34B-356A-46D8-B63C-4837524770B8}.Release|x86.ActiveCfg = Release|Win32
		{5A52C34B-356A-46D8-B63C-4837524770B8}.Release|x86.Build.0 = Release|Win32
		{71C858BE-5F83-4E19-9FD8-5FF57A4DD5F2}.Debug|Any CPU.ActiveCfg = Release|Win32
		{71C858BE-5F83-4E19-9FD8-5FF57A4DD5F2}.Debug|x64.ActiveCfg = Release|Win32
		{71C858BE-5F83-4E19-9FD8-5FF57A4DD5F2}.Debug|x86.ActiveCfg = Debug|Win32
		{71C858BE-5F83-4E19-9FD8-5FF57A4DD5F2}.Debug|x86.Build.0 = Debug|Win32
		{71C858BE-5F83-4E19-9FD8-5FF57A4DD5F2}.Release|Any CPU.ActiveCfg = Release|Win32
		{71C858BE-5F83-4E19-9FD8-5FF57A4DD5F2}.Release|x64.ActiveCfg = Release|Win32
		{71C858BE-5F83-4E19-9FD8-5FF57A4DD5F2}.Release|x86.ActiveCfg = Release|Win32
		{71C858BE-5F83-4E19-9FD8-5FF57A4DD5F2}.Release|x86.Build.0 = Release|Win32
		{EA2162B2-38A8-414F-A4CE-6FA250A3071B}.Debug|Any CPU.ActiveCfg = Debug|Any CPU
		{EA2162B2-38A8-414F-A4CE-6FA250A3071B}.Debug|Any CPU.Build.0 = Debug|Any CPU
		{EA2162B2-38A8-414F-A4CE-6FA250A3071B}.Debug|x64.ActiveCfg = Debug|Any CPU
		{EA2162B2-38A8-414F-A4CE-6FA250A3071B}.Debug|x86.ActiveCfg = Debug|Any CPU
		{EA2162B2-38A8-414F-A4CE-6FA250A3071B}.Debug|x86.Build.0 = Debug|Any CPU
		{EA2162B2-38A8-414F-A4CE-6FA250A3071B}.Release|Any CPU.ActiveCfg = Release|Any CPU
		{EA2162B2-38A8-414F-A4CE-6FA250A3071B}.Release|Any CPU.Build.0 = Release|Any CPU
		{EA2162B2-38A8-414F-A4CE-6FA250A3071B}.Release|x64.ActiveCfg = Release|Any CPU
		{EA2162B2-38A8-414F-A4CE-6FA250A3071B}.Release|x86.ActiveCfg = Release|Any CPU
		{EA2162B2-38A8-414F-A4CE-6FA250A3071B}.Release|x86.Build.0 = Release|Any CPU
		{E90B46B5-F450-4C22-AF50-2EDFB8788B21}.Debug|Any CPU.ActiveCfg = Debug|Any CPU
		{E90B46B5-F450-4C22-AF50-2EDFB8788B21}.Debug|Any CPU.Build.0 = Debug|Any CPU
		{E90B46B5-F450-4C22-AF50-2EDFB8788B21}.Debug|x64.ActiveCfg = Debug|Any CPU
		{E90B46B5-F450-4C22-AF50-2EDFB8788B21}.Debug|x86.ActiveCfg = Debug|Any CPU
		{E90B46B5-F450-4C22-AF50-2EDFB8788B21}.Debug|x86.Build.0 = Debug|Any CPU
		{E90B46B5-F450-4C22-AF50-2EDFB8788B21}.Release|Any CPU.ActiveCfg = Release|Any CPU
		{E90B46B5-F450-4C22-AF50-2EDFB8788B21}.Release|Any CPU.Build.0 = Release|Any CPU
		{E90B46B5-F450-4C22-AF50-2EDFB8788B21}.Release|x64.ActiveCfg = Release|Any CPU
		{E90B46B5-F450-4C22-AF50-2EDFB8788B21}.Release|x86.ActiveCfg = Release|Any CPU
		{E90B46B5-F450-4C22-AF50-2EDFB8788B21}.Release|x86.Build.0 = Release|Any CPU
		{06408B28-1028-46BB-B8DF-598B4ABABC52}.Debug|Any CPU.ActiveCfg = Debug|Any CPU
		{06408B28-1028-46BB-B8DF-598B4ABABC52}.Debug|Any CPU.Build.0 = Debug|Any CPU
		{06408B28-1028-46BB-B8DF-598B4ABABC52}.Debug|x64.ActiveCfg = Debug|Any CPU
		{06408B28-1028-46BB-B8DF-598B4ABABC52}.Debug|x86.ActiveCfg = Debug|Any CPU
		{06408B28-1028-46BB-B8DF-598B4ABABC52}.Debug|x86.Build.0 = Debug|Any CPU
		{06408B28-1028-46BB-B8DF-598B4ABABC52}.Release|Any CPU.ActiveCfg = Release|Any CPU
		{06408B28-1028-46BB-B8DF-598B4ABABC52}.Release|Any CPU.Build.0 = Release|Any CPU
		{06408B28-1028-46BB-B8DF-598B4ABABC52}.Release|x64.ActiveCfg = Release|Any CPU
		{06408B28-1028-46BB-B8DF-598B4ABABC52}.Release|x86.ActiveCfg = Release|Any CPU
		{06408B28-1028-46BB-B8DF-598B4ABABC52}.Release|x86.Build.0 = Release|Any CPU
	EndGlobalSection
	GlobalSection(SolutionProperties) = preSolution
		HideSolutionNode = FALSE
	EndGlobalSection
	GlobalSection(NestedProjects) = preSolution
		{0980CDD6-A924-4444-A23C-842482446894} = {7B3017BB-1CD8-4E81-859E-F9321FBCBD92}
		{FF3D7555-F14A-493A-955C-B630D0916741} = {7B3017BB-1CD8-4E81-859E-F9321FBCBD92}
		{F9E90F10-8AE9-46F7-B946-753E53243AC9} = {7B3017BB-1CD8-4E81-859E-F9321FBCBD92}
		{5412DDEF-826E-403C-83CD-198D7447C49B} = {7B3017BB-1CD8-4E81-859E-F9321FBCBD92}
		{EA2162B2-38A8-414F-A4CE-6FA250A3071B} = {7B3017BB-1CD8-4E81-859E-F9321FBCBD92}
		{E90B46B5-F450-4C22-AF50-2EDFB8788B21} = {7B3017BB-1CD8-4E81-859E-F9321FBCBD92}
		{06408B28-1028-46BB-B8DF-598B4ABABC52} = {7B3017BB-1CD8-4E81-859E-F9321FBCBD92}
		{D8B2564C-4766-4DDF-B7E0-43DB3971B3A3} = {403AE901-EC7A-4C81-ABC9-3FB2FF09367D}
		{8691E70D-6EA8-44BD-91EA-DB69D61E0F10} = {403AE901-EC7A-4C81-ABC9-3FB2FF09367D}
		{89B48A68-F452-4543-A9FD-41C8466EECBC} = {403AE901-EC7A-4C81-ABC9-3FB2FF09367D}
		{71C858BE-5F83-4E19-9FD8-5FF57A4DD5F2} = {403AE901-EC7A-4C81-ABC9-3FB2FF09367D}
		{D4DDA734-7E93-4581-8F82-32BB738F69FE} = {06F1DB4B-B4F2-4D60-AFA4-1CE3A014E627}
		{B5489C1B-6C26-4B21-A802-574AA23DC896} = {06F1DB4B-B4F2-4D60-AFA4-1CE3A014E627}
		{5A52C34B-356A-46D8-B63C-4837524770B8} = {06F1DB4B-B4F2-4D60-AFA4-1CE3A014E627}
	EndGlobalSection
EndGlobal
