
Microsoft Visual Studio Solution File, Format Version 12.00
# Visual Studio 2012
Project("{8BC9CEB8-8B4A-11D0-8D11-00A0C91BC942}") = "Skyrim.Script", "Src\Skyrim.Script\Skyrim.Script.vcxproj", "{8691E70D-6EA8-44BD-91EA-DB69D61E0F10}"
EndProject
Project("{FAE04EC0-301F-11D3-BF4B-00C04F79EFBC}") = "Skyrim.Game", "Src\Skyrim.Game\Skyrim.Game.csproj", "{FF3D7555-F14A-493A-955C-B630D0916741}"
EndProject
Project("{8BC9CEB8-8B4A-11D0-8D11-00A0C91BC942}") = "Skyrim.Hook", "Src\Skyrim.Hook\Skyrim.Hook.vcxproj", "{D8B2564C-4766-4DDF-B7E0-43DB3971B3A3}"
EndProject
Project("{FAE04EC0-301F-11D3-BF4B-00C04F79EFBC}") = "Skyrim.Server", "Src\Skyrim.Server\Skyrim.Server.csproj", "{0980CDD6-A924-4444-A23C-842482446894}"
EndProject
Project("{2150E333-8FDC-42A3-9474-1A3956D46DE8}") = "Core", "Core", "{403AE901-EC7A-4C81-ABC9-3FB2FF09367D}"
EndProject
Project("{2150E333-8FDC-42A3-9474-1A3956D46DE8}") = "Game", "Game", "{7B3017BB-1CD8-4E81-859E-F9321FBCBD92}"
EndProject
Project("{FAE04EC0-301F-11D3-BF4B-00C04F79EFBC}") = "Skyrim.API", "Src\Skyrim.API\Skyrim.API.csproj", "{5412DDEF-826E-403C-83CD-198D7447C49B}"
EndProject
Project("{2150E333-8FDC-42A3-9474-1A3956D46DE8}") = "Libs", "Libs", "{A2034AA3-7AC9-45A8-B460-C8522A6C5B48}"
EndProject
Project("{FAE04EC0-301F-11D3-BF4B-00C04F79EFBC}") = "Lidgren.Network", "Src\Lidgren.Network\Lidgren.Network.csproj", "{49BA1C69-6104-41AC-A5D8-B54FA9F696E8}"
EndProject
Project("{FAE04EC0-301F-11D3-BF4B-00C04F79EFBC}") = "Skyrim.MasterServer", "Src\Skyrim.MasterServer\Skyrim.MasterServer.csproj", "{F9E90F10-8AE9-46F7-B946-753E53243AC9}"
EndProject
Global
	GlobalSection(SolutionConfigurationPlatforms) = preSolution
		Debug|Any CPU = Debug|Any CPU
		Debug|Mixed Platforms = Debug|Mixed Platforms
		Debug|Win32 = Debug|Win32
		Debug|x64 = Debug|x64
		Debug|x86 = Debug|x86
		Release|Any CPU = Release|Any CPU
		Release|Mixed Platforms = Release|Mixed Platforms
		Release|Win32 = Release|Win32
		Release|x64 = Release|x64
		Release|x86 = Release|x86
	EndGlobalSection
	GlobalSection(ProjectConfigurationPlatforms) = postSolution
		{8691E70D-6EA8-44BD-91EA-DB69D61E0F10}.Debug|Any CPU.ActiveCfg = Release|Win32
		{8691E70D-6EA8-44BD-91EA-DB69D61E0F10}.Debug|Mixed Platforms.ActiveCfg = Release|Win32
		{8691E70D-6EA8-44BD-91EA-DB69D61E0F10}.Debug|Mixed Platforms.Build.0 = Release|Win32
		{8691E70D-6EA8-44BD-91EA-DB69D61E0F10}.Debug|Win32.ActiveCfg = Release|Win32
		{8691E70D-6EA8-44BD-91EA-DB69D61E0F10}.Debug|Win32.Build.0 = Release|Win32
		{8691E70D-6EA8-44BD-91EA-DB69D61E0F10}.Debug|x64.ActiveCfg = Release|Win32
		{8691E70D-6EA8-44BD-91EA-DB69D61E0F10}.Debug|x86.ActiveCfg = Release|Win32
		{8691E70D-6EA8-44BD-91EA-DB69D61E0F10}.Debug|x86.Build.0 = Release|Win32
		{8691E70D-6EA8-44BD-91EA-DB69D61E0F10}.Release|Any CPU.ActiveCfg = Release|Win32
		{8691E70D-6EA8-44BD-91EA-DB69D61E0F10}.Release|Mixed Platforms.ActiveCfg = Release|Win32
		{8691E70D-6EA8-44BD-91EA-DB69D61E0F10}.Release|Mixed Platforms.Build.0 = Release|Win32
		{8691E70D-6EA8-44BD-91EA-DB69D61E0F10}.Release|Win32.ActiveCfg = Release|Win32
		{8691E70D-6EA8-44BD-91EA-DB69D61E0F10}.Release|Win32.Build.0 = Release|Win32
		{8691E70D-6EA8-44BD-91EA-DB69D61E0F10}.Release|x64.ActiveCfg = Release|Win32
		{8691E70D-6EA8-44BD-91EA-DB69D61E0F10}.Release|x86.ActiveCfg = Release|Win32
		{8691E70D-6EA8-44BD-91EA-DB69D61E0F10}.Release|x86.Build.0 = Release|Win32
		{FF3D7555-F14A-493A-955C-B630D0916741}.Debug|Any CPU.ActiveCfg = Release|Any CPU
		{FF3D7555-F14A-493A-955C-B630D0916741}.Debug|Any CPU.Build.0 = Release|Any CPU
		{FF3D7555-F14A-493A-955C-B630D0916741}.Debug|Mixed Platforms.ActiveCfg = Release|Any CPU
		{FF3D7555-F14A-493A-955C-B630D0916741}.Debug|Mixed Platforms.Build.0 = Release|Any CPU
		{FF3D7555-F14A-493A-955C-B630D0916741}.Debug|Win32.ActiveCfg = Release|Any CPU
		{FF3D7555-F14A-493A-955C-B630D0916741}.Debug|x64.ActiveCfg = Release|Any CPU
		{FF3D7555-F14A-493A-955C-B630D0916741}.Debug|x86.ActiveCfg = Release|Any CPU
		{FF3D7555-F14A-493A-955C-B630D0916741}.Release|Any CPU.ActiveCfg = Release|Any CPU
		{FF3D7555-F14A-493A-955C-B630D0916741}.Release|Any CPU.Build.0 = Release|Any CPU
		{FF3D7555-F14A-493A-955C-B630D0916741}.Release|Mixed Platforms.ActiveCfg = Release|Any CPU
		{FF3D7555-F14A-493A-955C-B630D0916741}.Release|Mixed Platforms.Build.0 = Release|Any CPU
		{FF3D7555-F14A-493A-955C-B630D0916741}.Release|Win32.ActiveCfg = Release|Any CPU
		{FF3D7555-F14A-493A-955C-B630D0916741}.Release|Win32.Build.0 = Release|Any CPU
		{FF3D7555-F14A-493A-955C-B630D0916741}.Release|x64.ActiveCfg = Release|Any CPU
		{FF3D7555-F14A-493A-955C-B630D0916741}.Release|x86.ActiveCfg = Release|Any CPU
		{D8B2564C-4766-4DDF-B7E0-43DB3971B3A3}.Debug|Any CPU.ActiveCfg = Release|Win32
		{D8B2564C-4766-4DDF-B7E0-43DB3971B3A3}.Debug|Mixed Platforms.ActiveCfg = Release|Win32
		{D8B2564C-4766-4DDF-B7E0-43DB3971B3A3}.Debug|Mixed Platforms.Build.0 = Release|Win32
		{D8B2564C-4766-4DDF-B7E0-43DB3971B3A3}.Debug|Win32.ActiveCfg = Release|Win32
		{D8B2564C-4766-4DDF-B7E0-43DB3971B3A3}.Debug|Win32.Build.0 = Release|Win32
		{D8B2564C-4766-4DDF-B7E0-43DB3971B3A3}.Debug|x64.ActiveCfg = Release|Win32
		{D8B2564C-4766-4DDF-B7E0-43DB3971B3A3}.Debug|x86.ActiveCfg = Release|Win32
		{D8B2564C-4766-4DDF-B7E0-43DB3971B3A3}.Debug|x86.Build.0 = Release|Win32
		{D8B2564C-4766-4DDF-B7E0-43DB3971B3A3}.Release|Any CPU.ActiveCfg = Release|Win32
		{D8B2564C-4766-4DDF-B7E0-43DB3971B3A3}.Release|Mixed Platforms.ActiveCfg = Release|Win32
		{D8B2564C-4766-4DDF-B7E0-43DB3971B3A3}.Release|Mixed Platforms.Build.0 = Release|Win32
		{D8B2564C-4766-4DDF-B7E0-43DB3971B3A3}.Release|Win32.ActiveCfg = Release|Win32
		{D8B2564C-4766-4DDF-B7E0-43DB3971B3A3}.Release|Win32.Build.0 = Release|Win32
		{D8B2564C-4766-4DDF-B7E0-43DB3971B3A3}.Release|x64.ActiveCfg = Release|Win32
		{D8B2564C-4766-4DDF-B7E0-43DB3971B3A3}.Release|x86.ActiveCfg = Release|Win32
		{D8B2564C-4766-4DDF-B7E0-43DB3971B3A3}.Release|x86.Build.0 = Release|Win32
		{0980CDD6-A924-4444-A23C-842482446894}.Debug|Any CPU.ActiveCfg = Release|Any CPU
		{0980CDD6-A924-4444-A23C-842482446894}.Debug|Any CPU.Build.0 = Release|Any CPU
		{0980CDD6-A924-4444-A23C-842482446894}.Debug|Mixed Platforms.ActiveCfg = Release|Any CPU
		{0980CDD6-A924-4444-A23C-842482446894}.Debug|Mixed Platforms.Build.0 = Release|Any CPU
		{0980CDD6-A924-4444-A23C-842482446894}.Debug|Win32.ActiveCfg = Release|Any CPU
		{0980CDD6-A924-4444-A23C-842482446894}.Debug|x64.ActiveCfg = Release|Any CPU
		{0980CDD6-A924-4444-A23C-842482446894}.Debug|x86.ActiveCfg = Release|Any CPU
		{0980CDD6-A924-4444-A23C-842482446894}.Release|Any CPU.ActiveCfg = Release|Any CPU
		{0980CDD6-A924-4444-A23C-842482446894}.Release|Any CPU.Build.0 = Release|Any CPU
		{0980CDD6-A924-4444-A23C-842482446894}.Release|Mixed Platforms.ActiveCfg = Release|Any CPU
		{0980CDD6-A924-4444-A23C-842482446894}.Release|Mixed Platforms.Build.0 = Release|Any CPU
		{0980CDD6-A924-4444-A23C-842482446894}.Release|Win32.ActiveCfg = Release|Any CPU
		{0980CDD6-A924-4444-A23C-842482446894}.Release|Win32.Build.0 = Release|Any CPU
		{0980CDD6-A924-4444-A23C-842482446894}.Release|x64.ActiveCfg = Release|Any CPU
		{0980CDD6-A924-4444-A23C-842482446894}.Release|x86.ActiveCfg = Release|Any CPU
		{5412DDEF-826E-403C-83CD-198D7447C49B}.Debug|Any CPU.ActiveCfg = Debug|Any CPU
		{5412DDEF-826E-403C-83CD-198D7447C49B}.Debug|Any CPU.Build.0 = Debug|Any CPU
		{5412DDEF-826E-403C-83CD-198D7447C49B}.Debug|Mixed Platforms.ActiveCfg = Debug|Any CPU
		{5412DDEF-826E-403C-83CD-198D7447C49B}.Debug|Mixed Platforms.Build.0 = Debug|Any CPU
		{5412DDEF-826E-403C-83CD-198D7447C49B}.Debug|Win32.ActiveCfg = Debug|Any CPU
		{5412DDEF-826E-403C-83CD-198D7447C49B}.Debug|x64.ActiveCfg = Debug|Any CPU
		{5412DDEF-826E-403C-83CD-198D7447C49B}.Debug|x86.ActiveCfg = Debug|Any CPU
		{5412DDEF-826E-403C-83CD-198D7447C49B}.Release|Any CPU.ActiveCfg = Release|Any CPU
		{5412DDEF-826E-403C-83CD-198D7447C49B}.Release|Any CPU.Build.0 = Release|Any CPU
		{5412DDEF-826E-403C-83CD-198D7447C49B}.Release|Mixed Platforms.ActiveCfg = Release|Any CPU
		{5412DDEF-826E-403C-83CD-198D7447C49B}.Release|Mixed Platforms.Build.0 = Release|Any CPU
		{5412DDEF-826E-403C-83CD-198D7447C49B}.Release|Win32.ActiveCfg = Release|Any CPU
		{5412DDEF-826E-403C-83CD-198D7447C49B}.Release|x64.ActiveCfg = Release|Any CPU
		{5412DDEF-826E-403C-83CD-198D7447C49B}.Release|x86.ActiveCfg = Release|Any CPU
		{49BA1C69-6104-41AC-A5D8-B54FA9F696E8}.Debug|Any CPU.ActiveCfg = Release|Any CPU
		{49BA1C69-6104-41AC-A5D8-B54FA9F696E8}.Debug|Any CPU.Build.0 = Release|Any CPU
		{49BA1C69-6104-41AC-A5D8-B54FA9F696E8}.Debug|Mixed Platforms.ActiveCfg = Release|Any CPU
		{49BA1C69-6104-41AC-A5D8-B54FA9F696E8}.Debug|Mixed Platforms.Build.0 = Release|Any CPU
		{49BA1C69-6104-41AC-A5D8-B54FA9F696E8}.Debug|Win32.ActiveCfg = Release|Any CPU
		{49BA1C69-6104-41AC-A5D8-B54FA9F696E8}.Debug|x64.ActiveCfg = Release|Any CPU
		{49BA1C69-6104-41AC-A5D8-B54FA9F696E8}.Debug|x86.ActiveCfg = Release|Any CPU
		{49BA1C69-6104-41AC-A5D8-B54FA9F696E8}.Release|Any CPU.ActiveCfg = Release|Any CPU
		{49BA1C69-6104-41AC-A5D8-B54FA9F696E8}.Release|Any CPU.Build.0 = Release|Any CPU
		{49BA1C69-6104-41AC-A5D8-B54FA9F696E8}.Release|Mixed Platforms.ActiveCfg = Release|Any CPU
		{49BA1C69-6104-41AC-A5D8-B54FA9F696E8}.Release|Mixed Platforms.Build.0 = Release|Any CPU
		{49BA1C69-6104-41AC-A5D8-B54FA9F696E8}.Release|Win32.ActiveCfg = Release|Any CPU
		{49BA1C69-6104-41AC-A5D8-B54FA9F696E8}.Release|x64.ActiveCfg = Release|Any CPU
		{49BA1C69-6104-41AC-A5D8-B54FA9F696E8}.Release|x86.ActiveCfg = Release|Any CPU
		{F9E90F10-8AE9-46F7-B946-753E53243AC9}.Debug|Any CPU.ActiveCfg = Release|Any CPU
		{F9E90F10-8AE9-46F7-B946-753E53243AC9}.Debug|Any CPU.Build.0 = Release|Any CPU
		{F9E90F10-8AE9-46F7-B946-753E53243AC9}.Debug|Mixed Platforms.ActiveCfg = Release|Any CPU
		{F9E90F10-8AE9-46F7-B946-753E53243AC9}.Debug|Mixed Platforms.Build.0 = Release|Any CPU
		{F9E90F10-8AE9-46F7-B946-753E53243AC9}.Debug|Win32.ActiveCfg = Release|Any CPU
		{F9E90F10-8AE9-46F7-B946-753E53243AC9}.Debug|x64.ActiveCfg = Release|Any CPU
		{F9E90F10-8AE9-46F7-B946-753E53243AC9}.Debug|x86.ActiveCfg = Release|Any CPU
		{F9E90F10-8AE9-46F7-B946-753E53243AC9}.Release|Any CPU.ActiveCfg = Release|Any CPU
		{F9E90F10-8AE9-46F7-B946-753E53243AC9}.Release|Any CPU.Build.0 = Release|Any CPU
		{F9E90F10-8AE9-46F7-B946-753E53243AC9}.Release|Mixed Platforms.ActiveCfg = Release|Any CPU
		{F9E90F10-8AE9-46F7-B946-753E53243AC9}.Release|Mixed Platforms.Build.0 = Release|Any CPU
		{F9E90F10-8AE9-46F7-B946-753E53243AC9}.Release|Win32.ActiveCfg = Release|Any CPU
		{F9E90F10-8AE9-46F7-B946-753E53243AC9}.Release|x64.ActiveCfg = Release|Any CPU
		{F9E90F10-8AE9-46F7-B946-753E53243AC9}.Release|x86.ActiveCfg = Release|Any CPU
	EndGlobalSection
	GlobalSection(SolutionProperties) = preSolution
		HideSolutionNode = FALSE
	EndGlobalSection
	GlobalSection(NestedProjects) = preSolution
		{D8B2564C-4766-4DDF-B7E0-43DB3971B3A3} = {403AE901-EC7A-4C81-ABC9-3FB2FF09367D}
		{8691E70D-6EA8-44BD-91EA-DB69D61E0F10} = {403AE901-EC7A-4C81-ABC9-3FB2FF09367D}
		{0980CDD6-A924-4444-A23C-842482446894} = {7B3017BB-1CD8-4E81-859E-F9321FBCBD92}
		{FF3D7555-F14A-493A-955C-B630D0916741} = {7B3017BB-1CD8-4E81-859E-F9321FBCBD92}
		{5412DDEF-826E-403C-83CD-198D7447C49B} = {7B3017BB-1CD8-4E81-859E-F9321FBCBD92}
		{F9E90F10-8AE9-46F7-B946-753E53243AC9} = {7B3017BB-1CD8-4E81-859E-F9321FBCBD92}
		{49BA1C69-6104-41AC-A5D8-B54FA9F696E8} = {A2034AA3-7AC9-45A8-B460-C8522A6C5B48}
	EndGlobalSection
EndGlobal
