<?xml version="1.0" encoding="utf-8"?>
<Project ToolsVersion="4.0" xmlns="http://schemas.microsoft.com/developer/msbuild/2003">
  <ItemGroup>
    <Filter Include="Resource Files">
      <UniqueIdentifier>{67DA6AB6-F800-4c08-8B7A-83BB121AAD01}</UniqueIdentifier>
      <Extensions>rc;ico;cur;bmp;dlg;rc2;rct;bin;rgs;gif;jpg;jpeg;jpe;resx;tiff;tif;png;wav;mfcribbon-ms</Extensions>
    </Filter>
  </ItemGroup>
  <ItemGroup>
    <ClInclude Include="Src\DAO\Account.h" />
    <ClInclude Include="Src\DataBase\otlv4.h" />
    <ClInclude Include="Src\Entity\Account.h" />
    <ClInclude Include="Src\Game\enums.h" />
    <ClInclude Include="Src\Game\Mount.h" />
    <ClInclude Include="Src\targetver.h" />
    <ClInclude Include="Src\Game\Party.h" />
    <ClInclude Include="Src\Game\District.h" />
    <ClInclude Include="Src\Game\Region.h" />
    <ClInclude Include="Src\Game\Party.h" />
    <ClInclude Include="Src\Game\District.h" />
    <ClInclude Include="Src\Game\Region.h" />
    <ClInclude Include="Src\Logic\Session.h" />
    <ClInclude Include="Src\Logic\World.h" />
    <ClInclude Include="src\game\Character.h" />
    <ClInclude Include="Src\Game\Map.h" />
    <ClInclude Include="Src\Logic\ChatJail.h" />
  </ItemGroup>
  <ItemGroup>
    <ClCompile Include="Src\Game\Mount.cpp" />
    <ClCompile Include="Src\stdafx.cpp" />
    <ClCompile Include="Src\Skyrim.cpp" />
    <ClCompile Include="Src\Game\Party.cpp" />
    <ClCompile Include="Src\Game\Party.cpp" />
    <ClCompile Include="Src\Logic\Session.cpp" />
    <ClCompile Include="Src\Logic\World.cpp" />
    <ClCompile Include="Src\Logic\Handlers\Authentication.cpp" />
    <ClCompile Include="Src\Logic\Handlers\Service.cpp" />
    <ClCompile Include="Src\Logic\Handlers\Character.cpp" />
    <ClCompile Include="Src\Logic\Handlers\General.cpp" />
    <ClCompile Include="Src\Logic\Senders\Character.cpp" />
    <ClCompile Include="Src\Logic\Senders\Service.cpp" />
    <ClCompile Include="Src\Logic\Senders\Client.cpp" />
    <ClCompile Include="Src\Logic\Senders\General.cpp" />
    <ClCompile Include="Src\Game\Character.cpp" />
    <ClCompile Include="Src\Game\Map.cpp" />
    <ClCompile Include="Src\Logic\ChatJail.cpp" />
    <ClCompile Include="Src\Game\Region.cpp" />
  </ItemGroup>
</Project>