<?xml version="1.0" encoding="utf-8"?>
<Project ToolsVersion="4.0" xmlns="http://schemas.microsoft.com/developer/msbuild/2003">
  <ItemGroup>
    <Filter Include="Source Files">
      <UniqueIdentifier>{4FC737F1-C7A5-4376-A066-2A32D752A2FF}</UniqueIdentifier>
      <Extensions>cpp;c;cc;cxx;def;odl;idl;hpj;bat;asm;asmx</Extensions>
    </Filter>
    <Filter Include="Header Files">
      <UniqueIdentifier>{93995380-89BD-4b04-88EB-625FBE52EBFB}</UniqueIdentifier>
      <Extensions>h;hpp;hxx;hm;inl;inc;xsd</Extensions>
    </Filter>
    <Filter Include="Resource Files">
      <UniqueIdentifier>{67DA6AB6-F800-4c08-8B7A-83BB121AAD01}</UniqueIdentifier>
      <Extensions>rc;ico;cur;bmp;dlg;rc2;rct;bin;rgs;gif;jpg;jpeg;jpe;resx;tiff;tif;png;wav;mfcribbon-ms</Extensions>
    </Filter>
  </ItemGroup>
  <ItemGroup>
    <ClInclude Include="Src\common\enums.h">
      <Filter>Header Files</Filter>
    </ClInclude>
    <ClInclude Include="Src\common\types.h">
      <Filter>Header Files</Filter>
    </ClInclude>
    <ClInclude Include="Src\common\invoke.h">
      <Filter>Header Files</Filter>
    </ClInclude>
    <ClInclude Include="Src\common\obscript.h">
      <Filter>Header Files</Filter>
    </ClInclude>
    <ClInclude Include="Src\common\plugin.h">
      <Filter>Header Files</Filter>
    </ClInclude>
    <ClInclude Include="Src\common\skyscript.h">
      <Filter>Header Files</Filter>
    </ClInclude>
    <ClInclude Include="Src\stdafx.h">
      <Filter>Header Files</Filter>
    </ClInclude>
    <ClInclude Include="Src\common\Utils.h">
      <Filter>Header Files</Filter>
    </ClInclude>
    <ClInclude Include="Src\skse\GameAPI.h">
      <Filter>Header Files</Filter>
    </ClInclude>
    <ClInclude Include="Src\skse\GameBSExtraData.h">
      <Filter>Header Files</Filter>
    </ClInclude>
    <ClInclude Include="Src\skse\GameData.h">
      <Filter>Header Files</Filter>
    </ClInclude>
    <ClInclude Include="Src\skse\GameExtraData.h">
      <Filter>Header Files</Filter>
    </ClInclude>
    <ClInclude Include="Src\skse\GameFormComponents.h">
      <Filter>Header Files</Filter>
    </ClInclude>
    <ClInclude Include="Src\skse\GameForms.h">
      <Filter>Header Files</Filter>
    </ClInclude>
    <ClInclude Include="Src\skse\GameObjects.h">
      <Filter>Header Files</Filter>
    </ClInclude>
    <ClInclude Include="Src\skse\GamePathing.h">
      <Filter>Header Files</Filter>
    </ClInclude>
    <ClInclude Include="Src\skse\GameReferences.h">
      <Filter>Header Files</Filter>
    </ClInclude>
    <ClInclude Include="Src\skse\GameRTTI.h">
      <Filter>Header Files</Filter>
    </ClInclude>
    <ClInclude Include="Src\skse\GameSettings.h">
      <Filter>Header Files</Filter>
    </ClInclude>
    <ClInclude Include="Src\skse\GameTypes.h">
      <Filter>Header Files</Filter>
    </ClInclude>
    <ClInclude Include="Src\skse\NiInterpolators.h">
      <Filter>Header Files</Filter>
    </ClInclude>
    <ClInclude Include="Src\skse\NiNodes.h">
      <Filter>Header Files</Filter>
    </ClInclude>
    <ClInclude Include="Src\skse\NiObjects.h">
      <Filter>Header Files</Filter>
    </ClInclude>
    <ClInclude Include="Src\skse\NiRTTI.h">
      <Filter>Header Files</Filter>
    </ClInclude>
    <ClInclude Include="Src\skse\NiTypes.h">
      <Filter>Header Files</Filter>
    </ClInclude>
    <ClInclude Include="Src\skse\PapyrusActor.h">
      <Filter>Header Files</Filter>
    </ClInclude>
    <ClInclude Include="Src\skse\PapyrusActorBase.h">
      <Filter>Header Files</Filter>
    </ClInclude>
    <ClInclude Include="Src\skse\PapyrusArgs.h">
      <Filter>Header Files</Filter>
    </ClInclude>
    <ClInclude Include="Src\skse\PapyrusArmor.h">
      <Filter>Header Files</Filter>
    </ClInclude>
    <ClInclude Include="Src\skse\PapyrusBook.h">
      <Filter>Header Files</Filter>
    </ClInclude>
    <ClInclude Include="Src\skse\PapyrusCell.h">
      <Filter>Header Files</Filter>
    </ClInclude>
    <ClInclude Include="Src\skse\PapyrusCombatStyle.h">
      <Filter>Header Files</Filter>
    </ClInclude>
    <ClInclude Include="Src\skse\PapyrusConstructibleObject.h">
      <Filter>Header Files</Filter>
    </ClInclude>
    <ClInclude Include="Src\skse\PapyrusEnchantment.h">
      <Filter>Header Files</Filter>
    </ClInclude>
    <ClInclude Include="Src\skse\PapyrusForm.h">
      <Filter>Header Files</Filter>
    </ClInclude>
    <ClInclude Include="Src\skse\PapyrusGame.h">
      <Filter>Header Files</Filter>
    </ClInclude>
    <ClInclude Include="Src\skse\PapyrusIngredient.h">
      <Filter>Header Files</Filter>
    </ClInclude>
    <ClInclude Include="Src\skse\PapyrusKeyword.h">
      <Filter>Header Files</Filter>
    </ClInclude>
    <ClInclude Include="Src\skse\PapyrusMath.h">
      <Filter>Header Files</Filter>
    </ClInclude>
    <ClInclude Include="Src\skse\PapyrusMisc.h">
      <Filter>Header Files</Filter>
    </ClInclude>
    <ClInclude Include="Src\skse\PapyrusNativeFunctions.h">
      <Filter>Header Files</Filter>
    </ClInclude>
    <ClInclude Include="Src\skse\PapyrusObjectReference.h">
      <Filter>Header Files</Filter>
    </ClInclude>
    <ClInclude Include="Src\skse\PapyrusPotion.h">
      <Filter>Header Files</Filter>
    </ClInclude>
    <ClInclude Include="Src\skse\PapyrusSpell.h">
      <Filter>Header Files</Filter>
    </ClInclude>
    <ClInclude Include="Src\skse\PapyrusStringUtil.h">
      <Filter>Header Files</Filter>
    </ClInclude>
    <ClInclude Include="Src\skse\PapyrusVM.h">
      <Filter>Header Files</Filter>
    </ClInclude>
    <ClInclude Include="Src\skse\PapyrusWeapon.h">
      <Filter>Header Files</Filter>
    </ClInclude>
    <ClInclude Include="Src\skse\SafeWrite.h">
      <Filter>Header Files</Filter>
    </ClInclude>
    <ClInclude Include="Src\skse\skse_version.h">
      <Filter>Header Files</Filter>
    </ClInclude>
    <ClInclude Include="Src\skse\Utilities.h">
      <Filter>Header Files</Filter>
    </ClInclude>
    <ClInclude Include="Src\common\IArchive.h">
      <Filter>Header Files</Filter>
    </ClInclude>
    <ClInclude Include="Src\common\IBufferStream.h">
      <Filter>Header Files</Filter>
    </ClInclude>
    <ClInclude Include="Src\common\IConsole.h">
      <Filter>Header Files</Filter>
    </ClInclude>
    <ClInclude Include="Src\common\ICriticalSection.h">
      <Filter>Header Files</Filter>
    </ClInclude>
    <ClInclude Include="Src\common\IDatabase.h">
      <Filter>Header Files</Filter>
    </ClInclude>
    <ClInclude Include="Src\common\IDataStream.h">
      <Filter>Header Files</Filter>
    </ClInclude>
    <ClInclude Include="Src\common\IDebugLog.h">
      <Filter>Header Files</Filter>
    </ClInclude>
    <ClInclude Include="Src\common\IDirectoryIterator.h">
      <Filter>Header Files</Filter>
    </ClInclude>
    <ClInclude Include="Src\common\IDynamicCreate.h">
      <Filter>Header Files</Filter>
    </ClInclude>
    <ClInclude Include="Src\common\IErrors.h">
      <Filter>Header Files</Filter>
    </ClInclude>
    <ClInclude Include="Src\common\IEvent.h">
      <Filter>Header Files</Filter>
    </ClInclude>
    <ClInclude Include="Src\common\IFIFO.h">
      <Filter>Header Files</Filter>
    </ClInclude>
    <ClInclude Include="Src\common\IFileStream.h">
      <Filter>Header Files</Filter>
    </ClInclude>
    <ClInclude Include="Src\common\IInterlockedLong.h">
      <Filter>Header Files</Filter>
    </ClInclude>
    <ClInclude Include="Src\common\ILinkedList.h">
      <Filter>Header Files</Filter>
    </ClInclude>
    <ClInclude Include="Src\common\IMemPool.h">
      <Filter>Header Files</Filter>
    </ClInclude>
    <ClInclude Include="Src\common\IMutex.h">
      <Filter>Header Files</Filter>
    </ClInclude>
    <ClInclude Include="Src\common\IObjectPool.h">
      <Filter>Header Files</Filter>
    </ClInclude>
    <ClInclude Include="Src\common\IPipeClient.h">
      <Filter>Header Files</Filter>
    </ClInclude>
    <ClInclude Include="Src\common\IPipeServer.h">
      <Filter>Header Files</Filter>
    </ClInclude>
    <ClInclude Include="Src\common\IPrefix.h">
      <Filter>Header Files</Filter>
    </ClInclude>
    <ClInclude Include="Src\common\IRangeMap.h">
      <Filter>Header Files</Filter>
    </ClInclude>
    <ClInclude Include="Src\common\IReadWriteLock.h">
      <Filter>Header Files</Filter>
    </ClInclude>
    <ClInclude Include="Src\common\ISegmentStream.h">
      <Filter>Header Files</Filter>
    </ClInclude>
    <ClInclude Include="Src\common\ISingleton.h">
      <Filter>Header Files</Filter>
    </ClInclude>
    <ClInclude Include="Src\common\ITextParser.h">
      <Filter>Header Files</Filter>
    </ClInclude>
    <ClInclude Include="Src\common\IThread.h">
      <Filter>Header Files</Filter>
    </ClInclude>
    <ClInclude Include="Src\common\ITimer.h">
      <Filter>Header Files</Filter>
    </ClInclude>
    <ClInclude Include="Src\common\ITypes.h">
      <Filter>Header Files</Filter>
    </ClInclude>
    <ClInclude Include="Src\skse\CommandTable.h">
      <Filter>Header Files</Filter>
    </ClInclude>
    <ClInclude Include="Src\skse\GameMenus.h">
      <Filter>Header Files</Filter>
    </ClInclude>
    <ClInclude Include="Src\skse\Hooks_DirectInput8Create.h">
      <Filter>Header Files</Filter>
    </ClInclude>
    <ClInclude Include="Src\skse\Hooks_Gameplay.h">
      <Filter>Header Files</Filter>
    </ClInclude>
    <ClInclude Include="Src\skse\Hooks_ObScript.h">
      <Filter>Header Files</Filter>
    </ClInclude>
    <ClInclude Include="Src\skse\Hooks_Papyrus.h">
      <Filter>Header Files</Filter>
    </ClInclude>
    <ClInclude Include="Src\skse\Hooks_Scaleform.h">
      <Filter>Header Files</Filter>
    </ClInclude>
    <ClInclude Include="Src\skse\PapyrusAlias.h">
      <Filter>Header Files</Filter>
    </ClInclude>
    <ClInclude Include="Src\skse\PapyrusColorForm.h">
      <Filter>Header Files</Filter>
    </ClInclude>
    <ClInclude Include="Src\skse\PapyrusHeadPart.h">
      <Filter>Header Files</Filter>
    </ClInclude>
    <ClInclude Include="Src\skse\PapyrusQuest.h">
      <Filter>Header Files</Filter>
    </ClInclude>
    <ClInclude Include="Src\skse\PapyrusRace.h">
      <Filter>Header Files</Filter>
    </ClInclude>
    <ClInclude Include="Src\skse\PapyrusScroll.h">
      <Filter>Header Files</Filter>
    </ClInclude>
    <ClInclude Include="Src\skse\PapyrusSKSE.h">
      <Filter>Header Files</Filter>
    </ClInclude>
    <ClInclude Include="Src\skse\PapyrusUI.h">
      <Filter>Header Files</Filter>
    </ClInclude>
    <ClInclude Include="Src\skse\PapyrusUtility.h">
      <Filter>Header Files</Filter>
    </ClInclude>
    <ClInclude Include="Src\skse\PluginAPI.h">
      <Filter>Header Files</Filter>
    </ClInclude>
    <ClInclude Include="Src\skse\PluginManager.h">
      <Filter>Header Files</Filter>
    </ClInclude>
    <ClInclude Include="Src\skse\ScaleformAPI.h">
      <Filter>Header Files</Filter>
    </ClInclude>
    <ClInclude Include="Src\skse\ScaleformCallbacks.h">
      <Filter>Header Files</Filter>
    </ClInclude>
    <ClInclude Include="Src\skse\ScaleformMovie.h">
      <Filter>Header Files</Filter>
    </ClInclude>
    <ClInclude Include="Src\skse\ScaleformState.h">
      <Filter>Header Files</Filter>
    </ClInclude>
    <ClInclude Include="Src\skse\ScaleformTypes.h">
      <Filter>Header Files</Filter>
    </ClInclude>
    <ClInclude Include="Src\skse\ScaleformVM.h">
      <Filter>Header Files</Filter>
    </ClInclude>
    <ClInclude Include="Src\freescript\Forms.h">
      <Filter>Header Files</Filter>
    </ClInclude>
    <ClInclude Include="Src\exports\Actor.h">
      <Filter>Header Files</Filter>
    </ClInclude>
    <ClInclude Include="Src\exports\Exports.h">
      <Filter>Header Files</Filter>
    </ClInclude>
    <ClInclude Include="Src\exports\Location.h">
      <Filter>Header Files</Filter>
    </ClInclude>
    <ClInclude Include="Src\exports\Npc.h">
      <Filter>Header Files</Filter>
    </ClInclude>
    <ClInclude Include="Src\skse\GameEvents.h">
      <Filter>Header Files</Filter>
    </ClInclude>
    <ClInclude Include="Src\skse\PapyrusActiveMagicEffect.h">
      <Filter>Header Files</Filter>
    </ClInclude>
    <ClInclude Include="Src\skse\PapyrusArmorAddon.h">
      <Filter>Header Files</Filter>
    </ClInclude>
    <ClInclude Include="Src\skse\PapyrusEvents.h">
      <Filter>Header Files</Filter>
    </ClInclude>
    <ClInclude Include="Src\skse\PapyrusShout.h">
      <Filter>Header Files</Filter>
    </ClInclude>
    <ClInclude Include="Src\skse\ScaleformExtendedData.h">
      <Filter>Header Files</Filter>
    </ClInclude>
  </ItemGroup>
  <ItemGroup>
    <ClCompile Include="Src\stdafx.cpp">
      <Filter>Source Files</Filter>
    </ClCompile>
    <ClCompile Include="Src\skse\GameAPI.cpp">
      <Filter>Source Files</Filter>
    </ClCompile>
    <ClCompile Include="Src\skse\GameData.cpp">
      <Filter>Source Files</Filter>
    </ClCompile>
    <ClCompile Include="Src\skse\GameExtraData.cpp">
      <Filter>Source Files</Filter>
    </ClCompile>
    <ClCompile Include="Src\skse\GameFormComponents.cpp">
      <Filter>Source Files</Filter>
    </ClCompile>
    <ClCompile Include="Src\skse\GameForms.cpp">
      <Filter>Source Files</Filter>
    </ClCompile>
    <ClCompile Include="Src\skse\GameObjects.cpp">
      <Filter>Source Files</Filter>
    </ClCompile>
    <ClCompile Include="Src\skse\GamePathing.cpp">
      <Filter>Source Files</Filter>
    </ClCompile>
    <ClCompile Include="Src\skse\GameReferences.cpp">
      <Filter>Source Files</Filter>
    </ClCompile>
    <ClCompile Include="Src\skse\GameRTTI.cpp">
      <Filter>Source Files</Filter>
    </ClCompile>
    <ClCompile Include="Src\skse\GameSettings.cpp">
      <Filter>Source Files</Filter>
    </ClCompile>
    <ClCompile Include="Src\skse\GameTypes.cpp">
      <Filter>Source Files</Filter>
    </ClCompile>
    <ClCompile Include="Src\skse\NiInterpolators.cpp">
      <Filter>Source Files</Filter>
    </ClCompile>
    <ClCompile Include="Src\skse\NiNodes.cpp">
      <Filter>Source Files</Filter>
    </ClCompile>
    <ClCompile Include="Src\skse\NiObjects.cpp">
      <Filter>Source Files</Filter>
    </ClCompile>
    <ClCompile Include="Src\skse\NiRTTI.cpp">
      <Filter>Source Files</Filter>
    </ClCompile>
    <ClCompile Include="Src\skse\NiTypes.cpp">
      <Filter>Source Files</Filter>
    </ClCompile>
    <ClCompile Include="Src\skse\PapyrusActor.cpp">
      <Filter>Source Files</Filter>
    </ClCompile>
    <ClCompile Include="Src\skse\PapyrusActorBase.cpp">
      <Filter>Source Files</Filter>
    </ClCompile>
    <ClCompile Include="Src\skse\PapyrusArgs.cpp">
      <Filter>Source Files</Filter>
    </ClCompile>
    <ClCompile Include="Src\skse\PapyrusArmor.cpp">
      <Filter>Source Files</Filter>
    </ClCompile>
    <ClCompile Include="Src\skse\PapyrusBook.cpp">
      <Filter>Source Files</Filter>
    </ClCompile>
    <ClCompile Include="Src\skse\PapyrusCell.cpp">
      <Filter>Source Files</Filter>
    </ClCompile>
    <ClCompile Include="Src\skse\PapyrusCombatStyle.cpp">
      <Filter>Source Files</Filter>
    </ClCompile>
    <ClCompile Include="Src\skse\PapyrusConstructibleObject.cpp">
      <Filter>Source Files</Filter>
    </ClCompile>
    <ClCompile Include="Src\skse\PapyrusEnchantment.cpp">
      <Filter>Source Files</Filter>
    </ClCompile>
    <ClCompile Include="Src\skse\PapyrusForm.cpp">
      <Filter>Source Files</Filter>
    </ClCompile>
    <ClCompile Include="Src\skse\PapyrusGame.cpp">
      <Filter>Source Files</Filter>
    </ClCompile>
    <ClCompile Include="Src\skse\PapyrusIngredient.cpp">
      <Filter>Source Files</Filter>
    </ClCompile>
    <ClCompile Include="Src\skse\PapyrusKeyword.cpp">
      <Filter>Source Files</Filter>
    </ClCompile>
    <ClCompile Include="Src\skse\PapyrusMath.cpp">
      <Filter>Source Files</Filter>
    </ClCompile>
    <ClCompile Include="Src\skse\PapyrusMisc.cpp">
      <Filter>Source Files</Filter>
    </ClCompile>
    <ClCompile Include="Src\skse\PapyrusNativeFunctions.cpp">
      <Filter>Source Files</Filter>
    </ClCompile>
    <ClCompile Include="Src\skse\PapyrusObjectReference.cpp">
      <Filter>Source Files</Filter>
    </ClCompile>
    <ClCompile Include="Src\skse\PapyrusPotion.cpp">
      <Filter>Source Files</Filter>
    </ClCompile>
    <ClCompile Include="Src\skse\PapyrusSpell.cpp">
      <Filter>Source Files</Filter>
    </ClCompile>
    <ClCompile Include="Src\skse\PapyrusStringUtil.cpp">
      <Filter>Source Files</Filter>
    </ClCompile>
    <ClCompile Include="Src\skse\PapyrusVM.cpp">
      <Filter>Source Files</Filter>
    </ClCompile>
    <ClCompile Include="Src\skse\PapyrusWeapon.cpp">
      <Filter>Source Files</Filter>
    </ClCompile>
    <ClCompile Include="Src\skse\SafeWrite.cpp">
      <Filter>Source Files</Filter>
    </ClCompile>
    <ClCompile Include="Src\skse\Utilities.cpp">
      <Filter>Source Files</Filter>
    </ClCompile>
    <ClCompile Include="Src\common\IArchive.cpp">
      <Filter>Source Files</Filter>
    </ClCompile>
    <ClCompile Include="Src\common\IBufferStream.cpp">
      <Filter>Source Files</Filter>
    </ClCompile>
    <ClCompile Include="Src\common\IConsole.cpp">
      <Filter>Source Files</Filter>
    </ClCompile>
    <ClCompile Include="Src\common\IDatabase.cpp">
      <Filter>Source Files</Filter>
    </ClCompile>
    <ClCompile Include="Src\common\IDataStream.cpp">
      <Filter>Source Files</Filter>
    </ClCompile>
    <ClCompile Include="Src\common\IDebugLog.cpp">
      <Filter>Source Files</Filter>
    </ClCompile>
    <ClCompile Include="Src\common\IDirectoryIterator.cpp">
      <Filter>Source Files</Filter>
    </ClCompile>
    <ClCompile Include="Src\common\IDynamicCreate.cpp">
      <Filter>Source Files</Filter>
    </ClCompile>
    <ClCompile Include="Src\common\IErrors.cpp">
      <Filter>Source Files</Filter>
    </ClCompile>
    <ClCompile Include="Src\common\IEvent.cpp">
      <Filter>Source Files</Filter>
    </ClCompile>
    <ClCompile Include="Src\common\IFIFO.cpp">
      <Filter>Source Files</Filter>
    </ClCompile>
    <ClCompile Include="Src\common\IFileStream.cpp">
      <Filter>Source Files</Filter>
    </ClCompile>
    <ClCompile Include="Src\common\IInterlockedLong.cpp">
      <Filter>Source Files</Filter>
    </ClCompile>
    <ClCompile Include="Src\common\IMemPool.cpp">
      <Filter>Source Files</Filter>
    </ClCompile>
    <ClCompile Include="Src\common\IMutex.cpp">
      <Filter>Source Files</Filter>
    </ClCompile>
    <ClCompile Include="Src\common\IObjectPool.cpp">
      <Filter>Source Files</Filter>
    </ClCompile>
    <ClCompile Include="Src\common\IPipeClient.cpp">
      <Filter>Source Files</Filter>
    </ClCompile>
    <ClCompile Include="Src\common\IPipeServer.cpp">
      <Filter>Source Files</Filter>
    </ClCompile>
    <ClCompile Include="Src\common\IPrefix.cpp">
      <Filter>Source Files</Filter>
    </ClCompile>
    <ClCompile Include="Src\common\IRangeMap.cpp">
      <Filter>Source Files</Filter>
    </ClCompile>
    <ClCompile Include="Src\common\IReadWriteLock.cpp">
      <Filter>Source Files</Filter>
    </ClCompile>
    <ClCompile Include="Src\common\ISegmentStream.cpp">
      <Filter>Source Files</Filter>
    </ClCompile>
    <ClCompile Include="Src\common\ISingleton.cpp">
      <Filter>Source Files</Filter>
    </ClCompile>
    <ClCompile Include="Src\common\ITextParser.cpp">
      <Filter>Source Files</Filter>
    </ClCompile>
    <ClCompile Include="Src\common\IThread.cpp">
      <Filter>Source Files</Filter>
    </ClCompile>
    <ClCompile Include="Src\common\ITimer.cpp">
      <Filter>Source Files</Filter>
    </ClCompile>
    <ClCompile Include="Src\common\ITypes.cpp">
      <Filter>Source Files</Filter>
    </ClCompile>
    <ClCompile Include="Src\skse\CommandTable.cpp">
      <Filter>Source Files</Filter>
    </ClCompile>
    <ClCompile Include="Src\skse\GameMenus.cpp">
      <Filter>Source Files</Filter>
    </ClCompile>
    <ClCompile Include="Src\skse\PapyrusAlias.cpp">
      <Filter>Source Files</Filter>
    </ClCompile>
    <ClCompile Include="Src\skse\PapyrusColorForm.cpp">
      <Filter>Source Files</Filter>
    </ClCompile>
    <ClCompile Include="Src\skse\PapyrusHeadPart.cpp">
      <Filter>Source Files</Filter>
    </ClCompile>
    <ClCompile Include="Src\skse\PapyrusQuest.cpp">
      <Filter>Source Files</Filter>
    </ClCompile>
    <ClCompile Include="Src\skse\PapyrusRace.cpp">
      <Filter>Source Files</Filter>
    </ClCompile>
    <ClCompile Include="Src\skse\PapyrusScroll.cpp">
      <Filter>Source Files</Filter>
    </ClCompile>
    <ClCompile Include="Src\skse\PapyrusSKSE.cpp">
      <Filter>Source Files</Filter>
    </ClCompile>
    <ClCompile Include="Src\skse\PapyrusUI.cpp">
      <Filter>Source Files</Filter>
    </ClCompile>
    <ClCompile Include="Src\skse\PapyrusUtility.cpp">
      <Filter>Source Files</Filter>
    </ClCompile>
    <ClCompile Include="Src\skse\ScaleformAPI.cpp">
      <Filter>Source Files</Filter>
    </ClCompile>
    <ClCompile Include="Src\skse\ScaleformCallbacks.cpp">
      <Filter>Source Files</Filter>
    </ClCompile>
    <ClCompile Include="Src\skse\ScaleformMovie.cpp">
      <Filter>Source Files</Filter>
    </ClCompile>
    <ClCompile Include="Src\skse\ScaleformState.cpp">
      <Filter>Source Files</Filter>
    </ClCompile>
    <ClCompile Include="Src\skse\ScaleformTypes.cpp">
      <Filter>Source Files</Filter>
    </ClCompile>
    <ClCompile Include="Src\skse\ScaleformVM.cpp">
      <Filter>Source Files</Filter>
    </ClCompile>
    <ClCompile Include="Src\exports\exports.cpp">
      <Filter>Source Files</Filter>
    </ClCompile>
    <ClCompile Include="Src\exports\Actor.cpp">
      <Filter>Source Files</Filter>
    </ClCompile>
    <ClCompile Include="Src\exports\Location.cpp">
      <Filter>Source Files</Filter>
    </ClCompile>
    <ClCompile Include="Src\exports\Npc.cpp">
      <Filter>Source Files</Filter>
    </ClCompile>
    <ClCompile Include="Src\exports\Papyrus.cpp">
      <Filter>Source Files</Filter>
    </ClCompile>
    <ClCompile Include="Src\skse\GameEvents.cpp">
      <Filter>Source Files</Filter>
    </ClCompile>
    <ClCompile Include="Src\skse\PapyrusActiveMagicEffect.cpp">
      <Filter>Source Files</Filter>
    </ClCompile>
    <ClCompile Include="Src\skse\PapyrusArmorAddon.cpp">
      <Filter>Source Files</Filter>
    </ClCompile>
    <ClCompile Include="Src\skse\PapyrusEvents.cpp">
      <Filter>Source Files</Filter>
    </ClCompile>
    <ClCompile Include="Src\skse\PapyrusShout.cpp">
      <Filter>Source Files</Filter>
    </ClCompile>
    <ClCompile Include="Src\skse\ScaleformExtendedData.cpp">
      <Filter>Source Files</Filter>
    </ClCompile>
  </ItemGroup>
  <ItemGroup>
    <None Include="Src\skse\PapyrusNativeFunctionDef.inl">
      <Filter>Header Files</Filter>
    </None>
    <None Include="Src\skse\PapyrusNativeFunctionDef_Base.inl">
      <Filter>Header Files</Filter>
    </None>
    <None Include="Src\common\IDatabase.inc">
      <Filter>Header Files</Filter>
    </None>
    <None Include="SkseProxy.def">
      <Filter>Source Files</Filter>
    </None>
  </ItemGroup>
</Project>